
Microsoft Visual Studio Solution File, Format Version 12.00
# Visual Studio Version 16
VisualStudioVersion = 16.0.30523.141
MinimumVisualStudioVersion = 10.0.40219.1
Project("{FAE04EC0-301F-11D3-BF4B-00C04F79EFBC}") = "SystemGynControl", "SystemGynControl.csproj", "{624A7289-3F7E-4196-A9B1-1C18645624FC}"
EndProject
Global
	GlobalSection(SolutionConfigurationPlatforms) = preSolution
		Debug|Any CPU = Debug|Any CPU
		Release|Any CPU = Release|Any CPU
	EndGlobalSection
	GlobalSection(ProjectConfigurationPlatforms) = postSolution
		{624A7289-3F7E-4196-A9B1-1C18645624FC}.Debug|Any CPU.ActiveCfg = Debug|Any CPU
		{624A7289-3F7E-4196-A9B1-1C18645624FC}.Debug|Any CPU.Build.0 = Debug|Any CPU
		{624A7289-3F7E-4196-A9B1-1C18645624FC}.Release|Any CPU.ActiveCfg = Release|Any CPU
		{624A7289-3F7E-4196-A9B1-1C18645624FC}.Release|Any CPU.Build.0 = Release|Any CPU
	EndGlobalSection
	GlobalSection(SolutionProperties) = preSolution
		HideSolutionNode = FALSE
	EndGlobalSection
	GlobalSection(ExtensibilityGlobals) = postSolution
		SolutionGuid = {60C825F0-5BE1-4D3A-B180-1A7D213ECAA0}
	EndGlobalSection
EndGlobal
