
Microsoft Visual Studio Solution File, Format Version 12.00
# Visual Studio Version 16
VisualStudioVersion = 16.0.30523.141
MinimumVisualStudioVersion = 10.0.40219.1
Project("{FAE04EC0-301F-11D3-BF4B-00C04F79EFBC}") = "SystemGymControl", "SystemGymControl.csproj", "{9671041E-E23A-44E2-89B8-191EDC63133A}"
EndProject
Project("{FAE04EC0-301F-11D3-BF4B-00C04F79EFBC}") = "Bussiness", "..\Bussiness\Bussiness.csproj", "{22491B1A-E22E-48ED-A85D-0916FBD952D1}"
EndProject
Project("{FAE04EC0-301F-11D3-BF4B-00C04F79EFBC}") = "Database", "..\Database\Database.csproj", "{35AF4ECE-B0B1-483F-B0C2-38FC6679D8D7}"
EndProject
Project("{54435603-DBB4-11D2-8724-00A0C9A8B90C}") = "System GYM Control", "..\System GYM Control\System GYM Control.vdproj", "{8C3A6DF3-B133-4386-AEA6-5984AC6E426B}"
EndProject
Project("{54435603-DBB4-11D2-8724-00A0C9A8B90C}") = "System GYM Control x86", "..\System GYM Control x86\System GYM Control x86.vdproj", "{4FE882A1-25C2-49C1-8E3D-6438C8CAC8EA}"
EndProject
Global
	GlobalSection(SolutionConfigurationPlatforms) = preSolution
		Debug|Any CPU = Debug|Any CPU
		Debug|x64 = Debug|x64
		Debug|x86 = Debug|x86
		Release|Any CPU = Release|Any CPU
		Release|x64 = Release|x64
		Release|x86 = Release|x86
	EndGlobalSection
	GlobalSection(ProjectConfigurationPlatforms) = postSolution
		{9671041E-E23A-44E2-89B8-191EDC63133A}.Debug|Any CPU.ActiveCfg = Debug|Any CPU
		{9671041E-E23A-44E2-89B8-191EDC63133A}.Debug|Any CPU.Build.0 = Debug|Any CPU
		{9671041E-E23A-44E2-89B8-191EDC63133A}.Debug|x64.ActiveCfg = Debug|Any CPU
		{9671041E-E23A-44E2-89B8-191EDC63133A}.Debug|x64.Build.0 = Debug|Any CPU
		{9671041E-E23A-44E2-89B8-191EDC63133A}.Debug|x86.ActiveCfg = Debug|Any CPU
		{9671041E-E23A-44E2-89B8-191EDC63133A}.Debug|x86.Build.0 = Debug|Any CPU
		{9671041E-E23A-44E2-89B8-191EDC63133A}.Release|Any CPU.ActiveCfg = Release|Any CPU
		{9671041E-E23A-44E2-89B8-191EDC63133A}.Release|Any CPU.Build.0 = Release|Any CPU
		{9671041E-E23A-44E2-89B8-191EDC63133A}.Release|x64.ActiveCfg = Release|x64
		{9671041E-E23A-44E2-89B8-191EDC63133A}.Release|x64.Build.0 = Release|x64
		{9671041E-E23A-44E2-89B8-191EDC63133A}.Release|x86.ActiveCfg = Release|x86
		{9671041E-E23A-44E2-89B8-191EDC63133A}.Release|x86.Build.0 = Release|x86
		{22491B1A-E22E-48ED-A85D-0916FBD952D1}.Debug|Any CPU.ActiveCfg = Debug|Any CPU
		{22491B1A-E22E-48ED-A85D-0916FBD952D1}.Debug|Any CPU.Build.0 = Debug|Any CPU
		{22491B1A-E22E-48ED-A85D-0916FBD952D1}.Debug|x64.ActiveCfg = Debug|Any CPU
		{22491B1A-E22E-48ED-A85D-0916FBD952D1}.Debug|x64.Build.0 = Debug|Any CPU
		{22491B1A-E22E-48ED-A85D-0916FBD952D1}.Debug|x86.ActiveCfg = Debug|Any CPU
		{22491B1A-E22E-48ED-A85D-0916FBD952D1}.Debug|x86.Build.0 = Debug|Any CPU
		{22491B1A-E22E-48ED-A85D-0916FBD952D1}.Release|Any CPU.ActiveCfg = Release|Any CPU
		{22491B1A-E22E-48ED-A85D-0916FBD952D1}.Release|Any CPU.Build.0 = Release|Any CPU
		{22491B1A-E22E-48ED-A85D-0916FBD952D1}.Release|x64.ActiveCfg = Release|Any CPU
		{22491B1A-E22E-48ED-A85D-0916FBD952D1}.Release|x64.Build.0 = Release|Any CPU
		{22491B1A-E22E-48ED-A85D-0916FBD952D1}.Release|x86.ActiveCfg = Release|Any CPU
		{22491B1A-E22E-48ED-A85D-0916FBD952D1}.Release|x86.Build.0 = Release|Any CPU
		{35AF4ECE-B0B1-483F-B0C2-38FC6679D8D7}.Debug|Any CPU.ActiveCfg = Debug|Any CPU
		{35AF4ECE-B0B1-483F-B0C2-38FC6679D8D7}.Debug|Any CPU.Build.0 = Debug|Any CPU
		{35AF4ECE-B0B1-483F-B0C2-38FC6679D8D7}.Debug|x64.ActiveCfg = Debug|Any CPU
		{35AF4ECE-B0B1-483F-B0C2-38FC6679D8D7}.Debug|x64.Build.0 = Debug|Any CPU
		{35AF4ECE-B0B1-483F-B0C2-38FC6679D8D7}.Debug|x86.ActiveCfg = Debug|Any CPU
		{35AF4ECE-B0B1-483F-B0C2-38FC6679D8D7}.Debug|x86.Build.0 = Debug|Any CPU
		{35AF4ECE-B0B1-483F-B0C2-38FC6679D8D7}.Release|Any CPU.ActiveCfg = Release|Any CPU
		{35AF4ECE-B0B1-483F-B0C2-38FC6679D8D7}.Release|Any CPU.Build.0 = Release|Any CPU
		{35AF4ECE-B0B1-483F-B0C2-38FC6679D8D7}.Release|x64.ActiveCfg = Release|Any CPU
		{35AF4ECE-B0B1-483F-B0C2-38FC6679D8D7}.Release|x64.Build.0 = Release|Any CPU
		{35AF4ECE-B0B1-483F-B0C2-38FC6679D8D7}.Release|x86.ActiveCfg = Release|Any CPU
		{35AF4ECE-B0B1-483F-B0C2-38FC6679D8D7}.Release|x86.Build.0 = Release|Any CPU
		{8C3A6DF3-B133-4386-AEA6-5984AC6E426B}.Debug|Any CPU.ActiveCfg = Debug
		{8C3A6DF3-B133-4386-AEA6-5984AC6E426B}.Debug|Any CPU.Build.0 = Debug
		{8C3A6DF3-B133-4386-AEA6-5984AC6E426B}.Debug|x64.ActiveCfg = Debug
		{8C3A6DF3-B133-4386-AEA6-5984AC6E426B}.Debug|x64.Build.0 = Debug
		{8C3A6DF3-B133-4386-AEA6-5984AC6E426B}.Debug|x86.ActiveCfg = Debug
		{8C3A6DF3-B133-4386-AEA6-5984AC6E426B}.Debug|x86.Build.0 = Debug
		{8C3A6DF3-B133-4386-AEA6-5984AC6E426B}.Release|Any CPU.ActiveCfg = Release
		{8C3A6DF3-B133-4386-AEA6-5984AC6E426B}.Release|Any CPU.Build.0 = Release
		{8C3A6DF3-B133-4386-AEA6-5984AC6E426B}.Release|x64.ActiveCfg = Release
		{8C3A6DF3-B133-4386-AEA6-5984AC6E426B}.Release|x64.Build.0 = Release
		{8C3A6DF3-B133-4386-AEA6-5984AC6E426B}.Release|x86.ActiveCfg = Release
		{8C3A6DF3-B133-4386-AEA6-5984AC6E426B}.Release|x86.Build.0 = Release
		{4FE882A1-25C2-49C1-8E3D-6438C8CAC8EA}.Debug|Any CPU.ActiveCfg = Debug
		{4FE882A1-25C2-49C1-8E3D-6438C8CAC8EA}.Debug|x64.ActiveCfg = Debug
		{4FE882A1-25C2-49C1-8E3D-6438C8CAC8EA}.Debug|x86.ActiveCfg = Debug
		{4FE882A1-25C2-49C1-8E3D-6438C8CAC8EA}.Release|Any CPU.ActiveCfg = Release
		{4FE882A1-25C2-49C1-8E3D-6438C8CAC8EA}.Release|x64.ActiveCfg = Release
		{4FE882A1-25C2-49C1-8E3D-6438C8CAC8EA}.Release|x86.ActiveCfg = Release
	EndGlobalSection
	GlobalSection(SolutionProperties) = preSolution
		HideSolutionNode = FALSE
	EndGlobalSection
	GlobalSection(ExtensibilityGlobals) = postSolution
		SolutionGuid = {C09A9C82-0277-4834-8C99-408CBC38C490}
	EndGlobalSection
EndGlobal
